// !$*UTF8*$!
{
	archiveVersion = 1;
	classes = {
	};
	objectVersion = 48;
	objects = {

/* Begin PBXBuildFile section */
		836BBA7D1FFA6F5700DCC986 /* AppDelegate.swift in Sources */ = {isa = PBXBuildFile; fileRef = 836BBA7C1FFA6F5700DCC986 /* AppDelegate.swift */; };
		836BBA7F1FFA6F5700DCC986 /* art.scnassets in Resources */ = {isa = PBXBuildFile; fileRef = 836BBA7E1FFA6F5700DCC986 /* art.scnassets */; };
		836BBA811FFA6F5700DCC986 /* ViewController.swift in Sources */ = {isa = PBXBuildFile; fileRef = 836BBA801FFA6F5700DCC986 /* ViewController.swift */; };
		836BBA841FFA6F5700DCC986 /* Main.storyboard in Resources */ = {isa = PBXBuildFile; fileRef = 836BBA821FFA6F5700DCC986 /* Main.storyboard */; };
		836BBA861FFA6F5700DCC986 /* Assets.xcassets in Resources */ = {isa = PBXBuildFile; fileRef = 836BBA851FFA6F5700DCC986 /* Assets.xcassets */; };
		836BBA891FFA6F5700DCC986 /* LaunchScreen.storyboard in Resources */ = {isa = PBXBuildFile; fileRef = 836BBA871FFA6F5700DCC986 /* LaunchScreen.storyboard */; };
/* End PBXBuildFile section */

/* Begin PBXFileReference section */
		836BBA791FFA6F5700DCC986 /* PBR-Earth.app */ = {isa = PBXFileReference; explicitFileType = wrapper.application; includeInIndex = 0; path = "PBR-Earth.app"; sourceTree = BUILT_PRODUCTS_DIR; };
		836BBA7C1FFA6F5700DCC986 /* AppDelegate.swift */ = {isa = PBXFileReference; lastKnownFileType = sourcecode.swift; path = AppDelegate.swift; sourceTree = "<group>"; };
		836BBA7E1FFA6F5700DCC986 /* art.scnassets */ = {isa = PBXFileReference; lastKnownFileType = wrapper.scnassets; path = art.scnassets; sourceTree = "<group>"; };
		836BBA801FFA6F5700DCC986 /* ViewController.swift */ = {isa = PBXFileReference; lastKnownFileType = sourcecode.swift; path = ViewController.swift; sourceTree = "<group>"; };
		836BBA831FFA6F5700DCC986 /* Base */ = {isa = PBXFileReference; lastKnownFileType = file.storyboard; name = Base; path = Base.lproj/Main.storyboard; sourceTree = "<group>"; };
		836BBA851FFA6F5700DCC986 /* Assets.xcassets */ = {isa = PBXFileReference; lastKnownFileType = folder.assetcatalog; path = Assets.xcassets; sourceTree = "<group>"; };
		836BBA881FFA6F5700DCC986 /* Base */ = {isa = PBXFileReference; lastKnownFileType = file.storyboard; name = Base; path = Base.lproj/LaunchScreen.storyboard; sourceTree = "<group>"; };
		836BBA8A1FFA6F5700DCC986 /* Info.plist */ = {isa = PBXFileReference; lastKnownFileType = text.plist.xml; path = Info.plist; sourceTree = "<group>"; };
/* End PBXFileReference section */

/* Begin PBXFrameworksBuildPhase section */
		836BBA761FFA6F5700DCC986 /* Frameworks */ = {
			isa = PBXFrameworksBuildPhase;
			buildActionMask = 2147483647;
			files = (
			);
			runOnlyForDeploymentPostprocessing = 0;
		};
/* End PBXFrameworksBuildPhase section */

/* Begin PBXGroup section */
		836BBA701FFA6F5700DCC986 = {
			isa = PBXGroup;
			children = (
				836BBA7B1FFA6F5700DCC986 /* pbr-earth */,
				836BBA7A1FFA6F5700DCC986 /* Products */,
			);
			sourceTree = "<group>";
		};
		836BBA7A1FFA6F5700DCC986 /* Products */ = {
			isa = PBXGroup;
			children = (
				836BBA791FFA6F5700DCC986 /* PBR-Earth.app */,
			);
			name = Products;
			sourceTree = "<group>";
		};
		836BBA7B1FFA6F5700DCC986 /* pbr-earth */ = {
			isa = PBXGroup;
			children = (
				836BBA7C1FFA6F5700DCC986 /* AppDelegate.swift */,
				836BBA7E1FFA6F5700DCC986 /* art.scnassets */,
				836BBA801FFA6F5700DCC986 /* ViewController.swift */,
				836BBA821FFA6F5700DCC986 /* Main.storyboard */,
				836BBA851FFA6F5700DCC986 /* Assets.xcassets */,
				836BBA871FFA6F5700DCC986 /* LaunchScreen.storyboard */,
				836BBA8A1FFA6F5700DCC986 /* Info.plist */,
			);
			path = "pbr-earth";
			sourceTree = "<group>";
		};
/* End PBXGroup section */

/* Begin PBXNativeTarget section */
		836BBA781FFA6F5700DCC986 /* PBR-Earth */ = {
			isa = PBXNativeTarget;
			buildConfigurationList = 836BBA8D1FFA6F5700DCC986 /* Build configuration list for PBXNativeTarget "PBR-Earth" */;
			buildPhases = (
				836BBA751FFA6F5700DCC986 /* Sources */,
				836BBA761FFA6F5700DCC986 /* Frameworks */,
				836BBA771FFA6F5700DCC986 /* Resources */,
			);
			buildRules = (
			);
			dependencies = (
			);
			name = "PBR-Earth";
			productName = "PBR-Earth";
			productReference = 836BBA791FFA6F5700DCC986 /* PBR-Earth.app */;
			productType = "com.apple.product-type.application";
		};
/* End PBXNativeTarget section */

/* Begin PBXProject section */
		836BBA711FFA6F5700DCC986 /* Project object */ = {
			isa = PBXProject;
			attributes = {
				LastSwiftUpdateCheck = 0920;
				LastUpgradeCheck = 1000;
				ORGANIZATIONNAME = "Razeware LLC";
				TargetAttributes = {
					836BBA781FFA6F5700DCC986 = {
						CreatedOnToolsVersion = 9.2;
						LastSwiftMigration = 1000;
						ProvisioningStyle = Automatic;
					};
				};
			};
			buildConfigurationList = 836BBA741FFA6F5700DCC986 /* Build configuration list for PBXProject "pbr-earth" */;
			compatibilityVersion = "Xcode 8.0";
			developmentRegion = en;
			hasScannedForEncodings = 0;
			knownRegions = (
				en,
				Base,
			);
			mainGroup = 836BBA701FFA6F5700DCC986;
			productRefGroup = 836BBA7A1FFA6F5700DCC986 /* Products */;
			projectDirPath = "";
			projectRoot = "";
			targets = (
				836BBA781FFA6F5700DCC986 /* PBR-Earth */,
			);
		};
/* End PBXProject section */

/* Begin PBXResourcesBuildPhase section */
		836BBA771FFA6F5700DCC986 /* Resources */ = {
			isa = PBXResourcesBuildPhase;
			buildActionMask = 2147483647;
			files = (
				836BBA7F1FFA6F5700DCC986 /* art.scnassets in Resources */,
				836BBA891FFA6F5700DCC986 /* LaunchScreen.storyboard in Resources */,
				836BBA861FFA6F5700DCC986 /* Assets.xcassets in Resources */,
				836BBA841FFA6F5700DCC986 /* Main.storyboard in Resources */,
			);
			runOnlyForDeploymentPostprocessing = 0;
		};
/* End PBXResourcesBuildPhase section */

/* Begin PBXSourcesBuildPhase section */
		836BBA751FFA6F5700DCC986 /* Sources */ = {
			isa = PBXSourcesBuildPhase;
			buildActionMask = 2147483647;
			files = (
				836BBA811FFA6F5700DCC986 /* ViewController.swift in Sources */,
				836BBA7D1FFA6F5700DCC986 /* AppDelegate.swift in Sources */,
			);
			runOnlyForDeploymentPostprocessing = 0;
		};
/* End PBXSourcesBuildPhase section */

/* Begin PBXVariantGroup section */
		836BBA821FFA6F5700DCC986 /* Main.storyboard */ = {
			isa = PBXVariantGroup;
			children = (
				836BBA831FFA6F5700DCC986 /* Base */,
			);
			name = Main.storyboard;
			sourceTree = "<group>";
		};
		836BBA871FFA6F5700DCC986 /* LaunchScreen.storyboard */ = {
			isa = PBXVariantGroup;
			children = (
				836BBA881FFA6F5700DCC986 /* Base */,
			);
			name = LaunchScreen.storyboard;
			sourceTree = "<group>";
		};
/* End PBXVariantGroup section */

/* Begin XCBuildConfiguration section */
		836BBA8B1FFA6F5700DCC986 /* Debug */ = {
			isa = XCBuildConfiguration;
			buildSettings = {
				ALWAYS_SEARCH_USER_PATHS = NO;
				CLANG_ANALYZER_NONNULL = YES;
				CLANG_ANALYZER_NUMBER_OBJECT_CONVERSION = YES_AGGRESSIVE;
				CLANG_CXX_LANGUAGE_STANDARD = "gnu++14";
				CLANG_CXX_LIBRARY = "libc++";
				CLANG_ENABLE_MODULES = YES;
				CLANG_ENABLE_OBJC_ARC = YES;
				CLANG_WARN_BLOCK_CAPTURE_AUTORELEASING = YES;
				CLANG_WARN_BOOL_CONVERSION = YES;
				CLANG_WARN_COMMA = YES;
				CLANG_WARN_CONSTANT_CONVERSION = YES;
				CLANG_WARN_DEPRECATED_OBJC_IMPLEMENTATIONS = YES;
				CLANG_WARN_DIRECT_OBJC_ISA_USAGE = YES_ERROR;
				CLANG_WARN_DOCUMENTATION_COMMENTS = YES;
				CLANG_WARN_EMPTY_BODY = YES;
				CLANG_WARN_ENUM_CONVERSION = YES;
				CLANG_WARN_INFINITE_RECURSION = YES;
				CLANG_WARN_INT_CONVERSION = YES;
				CLANG_WARN_NON_LITERAL_NULL_CONVERSION = YES;
				CLANG_WARN_OBJC_IMPLICIT_RETAIN_SELF = YES;
				CLANG_WARN_OBJC_LITERAL_CONVERSION = YES;
				CLANG_WARN_OBJC_ROOT_CLASS = YES_ERROR;
				CLANG_WARN_RANGE_LOOP_ANALYSIS = YES;
				CLANG_WARN_STRICT_PROTOTYPES = YES;
				CLANG_WARN_SUSPICIOUS_MOVE = YES;
				CLANG_WARN_UNGUARDED_AVAILABILITY = YES_AGGRESSIVE;
				CLANG_WARN_UNREACHABLE_CODE = YES;
				CLANG_WARN__DUPLICATE_METHOD_MATCH = YES;
				CODE_SIGN_IDENTITY = "iPhone Developer";
				COPY_PHASE_STRIP = NO;
				DEBUG_INFORMATION_FORMAT = dwarf;
				ENABLE_STRICT_OBJC_MSGSEND = YES;
				ENABLE_TESTABILITY = YES;
				GCC_C_LANGUAGE_STANDARD = gnu11;
				GCC_DYNAMIC_NO_PIC = NO;
				GCC_NO_COMMON_BLOCKS = YES;
				GCC_OPTIMIZATION_LEVEL = 0;
				GCC_PREPROCESSOR_DEFINITIONS = (
					"DEBUG=1",
					"$(inherited)",
				);
				GCC_WARN_64_TO_32_BIT_CONVERSION = YES;
				GCC_WARN_ABOUT_RETURN_TYPE = YES_ERROR;
				GCC_WARN_UNDECLARED_SELECTOR = YES;
				GCC_WARN_UNINITIALIZED_AUTOS = YES_AGGRESSIVE;
				GCC_WARN_UNUSED_FUNCTION = YES;
				GCC_WARN_UNUSED_VARIABLE = YES;
				IPHONEOS_DEPLOYMENT_TARGET = 11.2;
				MTL_ENABLE_DEBUG_INFO = YES;
				ONLY_ACTIVE_ARCH = YES;
				SDKROOT = iphoneos;
				SWIFT_ACTIVE_COMPILATION_CONDITIONS = DEBUG;
				SWIFT_OPTIMIZATION_LEVEL = "-Onone";
			};
			name = Debug;
		};
		836BBA8C1FFA6F5700DCC986 /* Release */ = {
			isa = XCBuildConfiguration;
			buildSettings = {
				ALWAYS_SEARCH_USER_PATHS = NO;
				CLANG_ANALYZER_NONNULL = YES;
				CLANG_ANALYZER_NUMBER_OBJECT_CONVERSION = YES_AGGRESSIVE;
				CLANG_CXX_LANGUAGE_STANDARD = "gnu++14";
				CLANG_CXX_LIBRARY = "libc++";
				CLANG_ENABLE_MODULES = YES;
				CLANG_ENABLE_OBJC_ARC = YES;
				CLANG_WARN_BLOCK_CAPTURE_AUTORELEASING = YES;
				CLANG_WARN_BOOL_CONVERSION = YES;
				CLANG_WARN_COMMA = YES;
				CLANG_WARN_CONSTANT_CONVERSION = YES;
				CLANG_WARN_DEPRECATED_OBJC_IMPLEMENTATIONS = YES;
				CLANG_WARN_DIRECT_OBJC_ISA_USAGE = YES_ERROR;
				CLANG_WARN_DOCUMENTATION_COMMENTS = YES;
				CLANG_WARN_EMPTY_BODY = YES;
				CLANG_WARN_ENUM_CONVERSION = YES;
				CLANG_WARN_INFINITE_RECURSION = YES;
				CLANG_WARN_INT_CONVERSION = YES;
				CLANG_WARN_NON_LITERAL_NULL_CONVERSION = YES;
				CLANG_WARN_OBJC_IMPLICIT_RETAIN_SELF = YES;
				CLANG_WARN_OBJC_LITERAL_CONVERSION = YES;
				CLANG_WARN_OBJC_ROOT_CLASS = YES_ERROR;
				CLANG_WARN_RANGE_LOOP_ANALYSIS = YES;
				CLANG_WARN_STRICT_PROTOTYPES = YES;
				CLANG_WARN_SUSPICIOUS_MOVE = YES;
				CLANG_WARN_UNGUARDED_AVAILABILITY = YES_AGGRESSIVE;
				CLANG_WARN_UNREACHABLE_CODE = YES;
				CLANG_WARN__DUPLICATE_METHOD_MATCH = YES;
				CODE_SIGN_IDENTITY = "iPhone Developer";
				COPY_PHASE_STRIP = NO;
				DEBUG_INFORMATION_FORMAT = "dwarf-with-dsym";
				ENABLE_NS_ASSERTIONS = NO;
				ENABLE_STRICT_OBJC_MSGSEND = YES;
				GCC_C_LANGUAGE_STANDARD = gnu11;
				GCC_NO_COMMON_BLOCKS = YES;
				GCC_WARN_64_TO_32_BIT_CONVERSION = YES;
				GCC_WARN_ABOUT_RETURN_TYPE = YES_ERROR;
				GCC_WARN_UNDECLARED_SELECTOR = YES;
				GCC_WARN_UNINITIALIZED_AUTOS = YES_AGGRESSIVE;
				GCC_WARN_UNUSED_FUNCTION = YES;
				GCC_WARN_UNUSED_VARIABLE = YES;
				IPHONEOS_DEPLOYMENT_TARGET = 11.2;
				MTL_ENABLE_DEBUG_INFO = NO;
				SDKROOT = iphoneos;
				SWIFT_OPTIMIZATION_LEVEL = "-Owholemodule";
				VALIDATE_PRODUCT = YES;
			};
			name = Release;
		};
		836BBA8E1FFA6F5700DCC986 /* Debug */ = {
			isa = XCBuildConfiguration;
			buildSettings = {
				ASSETCATALOG_COMPILER_APPICON_NAME = AppIcon;
				CODE_SIGN_STYLE = Automatic;
				DEVELOPMENT_TEAM = "";
				INFOPLIST_FILE = "PBR-Earth/Info.plist";
				LD_RUNPATH_SEARCH_PATHS = "$(inherited) @executable_path/Frameworks";
				PRODUCT_BUNDLE_IDENTIFIER = "com.raywenderlich.PBR-Earth";
				PRODUCT_NAME = "$(TARGET_NAME)";
				SWIFT_VERSION = 4.2;
				TARGETED_DEVICE_FAMILY = "1,2";
			};
			name = Debug;
		};
		836BBA8F1FFA6F5700DCC986 /* Release */ = {
			isa = XCBuildConfiguration;
			buildSettings = {
				ASSETCATALOG_COMPILER_APPICON_NAME = AppIcon;
				CODE_SIGN_STYLE = Automatic;
				DEVELOPMENT_TEAM = "";
				INFOPLIST_FILE = "PBR-Earth/Info.plist";
				LD_RUNPATH_SEARCH_PATHS = "$(inherited) @executable_path/Frameworks";
				PRODUCT_BUNDLE_IDENTIFIER = "com.raywenderlich.PBR-Earth";
				PRODUCT_NAME = "$(TARGET_NAME)";
				SWIFT_VERSION = 4.2;
				TARGETED_DEVICE_FAMILY = "1,2";
			};
			name = Release;
		};
/* End XCBuildConfiguration section */

/* Begin XCConfigurationList section */
		836BBA741FFA6F5700DCC986 /* Build configuration list for PBXProject "pbr-earth" */ = {
			isa = XCConfigurationList;
			buildConfigurations = (
				836BBA8B1FFA6F5700DCC986 /* Debug */,
				836BBA8C1FFA6F5700DCC986 /* Release */,
			);
			defaultConfigurationIsVisible = 0;
			defaultConfigurationName = Release;
		};
		836BBA8D1FFA6F5700DCC986 /* Build configuration list for PBXNativeTarget "PBR-Earth" */ = {
			isa = XCConfigurationList;
			buildConfigurations = (
				836BBA8E1FFA6F5700DCC986 /* Debug */,
				836BBA8F1FFA6F5700DCC986 /* Release */,
			);
			defaultConfigurationIsVisible = 0;
			defaultConfigurationName = Release;
		};
/* End XCConfigurationList section */
	};
	rootObject = 836BBA711FFA6F5700DCC986 /* Project object */;
}
